
Microsoft Visual Studio Solution File, Format Version 12.00
# Visual Studio 15
VisualStudioVersion = 15.0.26124.0
MinimumVisualStudioVersion = 15.0.26124.0
Project("{FAE04EC0-301F-11D3-BF4B-00C04F79EFBC}") = "TicTacToe", "TicTacToe\TicTacToe.csproj", "{68E985E9-64D5-481B-B327-5718D085D5CB}"
EndProject
Project("{FAE04EC0-301F-11D3-BF4B-00C04F79EFBC}") = "tests.TicTacToe", "tests.TicTacToe\tests.TicTacToe.csproj", "{5BBE9102-16EE-4C57-A7AA-4C9E84FD71B5}"
EndProject
Global
	GlobalSection(SolutionConfigurationPlatforms) = preSolution
		Debug|Any CPU = Debug|Any CPU
		Debug|x64 = Debug|x64
		Debug|x86 = Debug|x86
		Release|Any CPU = Release|Any CPU
		Release|x64 = Release|x64
		Release|x86 = Release|x86
	EndGlobalSection
	GlobalSection(SolutionProperties) = preSolution
		HideSolutionNode = FALSE
	EndGlobalSection
	GlobalSection(ProjectConfigurationPlatforms) = postSolution
		{68E985E9-64D5-481B-B327-5718D085D5CB}.Debug|Any CPU.ActiveCfg = Debug|Any CPU
		{68E985E9-64D5-481B-B327-5718D085D5CB}.Debug|Any CPU.Build.0 = Debug|Any CPU
		{68E985E9-64D5-481B-B327-5718D085D5CB}.Debug|x64.ActiveCfg = Debug|Any CPU
		{68E985E9-64D5-481B-B327-5718D085D5CB}.Debug|x64.Build.0 = Debug|Any CPU
		{68E985E9-64D5-481B-B327-5718D085D5CB}.Debug|x86.ActiveCfg = Debug|Any CPU
		{68E985E9-64D5-481B-B327-5718D085D5CB}.Debug|x86.Build.0 = Debug|Any CPU
		{68E985E9-64D5-481B-B327-5718D085D5CB}.Release|Any CPU.ActiveCfg = Release|Any CPU
		{68E985E9-64D5-481B-B327-5718D085D5CB}.Release|Any CPU.Build.0 = Release|Any CPU
		{68E985E9-64D5-481B-B327-5718D085D5CB}.Release|x64.ActiveCfg = Release|Any CPU
		{68E985E9-64D5-481B-B327-5718D085D5CB}.Release|x64.Build.0 = Release|Any CPU
		{68E985E9-64D5-481B-B327-5718D085D5CB}.Release|x86.ActiveCfg = Release|Any CPU
		{68E985E9-64D5-481B-B327-5718D085D5CB}.Release|x86.Build.0 = Release|Any CPU
		{5BBE9102-16EE-4C57-A7AA-4C9E84FD71B5}.Debug|Any CPU.ActiveCfg = Debug|Any CPU
		{5BBE9102-16EE-4C57-A7AA-4C9E84FD71B5}.Debug|Any CPU.Build.0 = Debug|Any CPU
		{5BBE9102-16EE-4C57-A7AA-4C9E84FD71B5}.Debug|x64.ActiveCfg = Debug|Any CPU
		{5BBE9102-16EE-4C57-A7AA-4C9E84FD71B5}.Debug|x64.Build.0 = Debug|Any CPU
		{5BBE9102-16EE-4C57-A7AA-4C9E84FD71B5}.Debug|x86.ActiveCfg = Debug|Any CPU
		{5BBE9102-16EE-4C57-A7AA-4C9E84FD71B5}.Debug|x86.Build.0 = Debug|Any CPU
		{5BBE9102-16EE-4C57-A7AA-4C9E84FD71B5}.Release|Any CPU.ActiveCfg = Release|Any CPU
		{5BBE9102-16EE-4C57-A7AA-4C9E84FD71B5}.Release|Any CPU.Build.0 = Release|Any CPU
		{5BBE9102-16EE-4C57-A7AA-4C9E84FD71B5}.Release|x64.ActiveCfg = Release|Any CPU
		{5BBE9102-16EE-4C57-A7AA-4C9E84FD71B5}.Release|x64.Build.0 = Release|Any CPU
		{5BBE9102-16EE-4C57-A7AA-4C9E84FD71B5}.Release|x86.ActiveCfg = Release|Any CPU
		{5BBE9102-16EE-4C57-A7AA-4C9E84FD71B5}.Release|x86.Build.0 = Release|Any CPU
	EndGlobalSection
EndGlobal
